// !$*UTF8*$!
{
	archiveVersion = 1;
	classes = {
	};
	objectVersion = 52;
	objects = {

/* Begin PBXBuildFile section */
		6886615B26CB888B002C7FD1 /* HomeViewModelTest.swift in Sources */ = {isa = PBXBuildFile; fileRef = 6886615A26CB888B002C7FD1 /* HomeViewModelTest.swift */; };
		6886615D26CB88BB002C7FD1 /* ApollonAssignmentTests.swift in Sources */ = {isa = PBXBuildFile; fileRef = 6886615C26CB88BB002C7FD1 /* ApollonAssignmentTests.swift */; };
		6886616326CBD712002C7FD1 /* Localizable.strings in Resources */ = {isa = PBXBuildFile; fileRef = 6886616526CBD712002C7FD1 /* Localizable.strings */; };
		6886616626CBD7F6002C7FD1 /* Main.storyboard in Resources */ = {isa = PBXBuildFile; fileRef = 6886616826CBD7F6002C7FD1 /* Main.storyboard */; };
		68925AE426C4F89100E72ED2 /* AppDelegate.swift in Sources */ = {isa = PBXBuildFile; fileRef = 68925AE326C4F89100E72ED2 /* AppDelegate.swift */; };
		68925AE626C4F89100E72ED2 /* SceneDelegate.swift in Sources */ = {isa = PBXBuildFile; fileRef = 68925AE526C4F89100E72ED2 /* SceneDelegate.swift */; };
		68925AE826C4F89100E72ED2 /* HomeView.swift in Sources */ = {isa = PBXBuildFile; fileRef = 68925AE726C4F89100E72ED2 /* HomeView.swift */; };
		68925AF026C4F89200E72ED2 /* LaunchScreen.storyboard in Resources */ = {isa = PBXBuildFile; fileRef = 68925AEE26C4F89200E72ED2 /* LaunchScreen.storyboard */; };
		68925B0626C4F89200E72ED2 /* ApollonAssignmentUITests.swift in Sources */ = {isa = PBXBuildFile; fileRef = 68925B0526C4F89200E72ED2 /* ApollonAssignmentUITests.swift */; };
		68925B1426C641AA00E72ED2 /* HomeModel.swift in Sources */ = {isa = PBXBuildFile; fileRef = 68925B1326C641AA00E72ED2 /* HomeModel.swift */; };
		68925B1626C641B400E72ED2 /* HomeViewModel.swift in Sources */ = {isa = PBXBuildFile; fileRef = 68925B1526C641B400E72ED2 /* HomeViewModel.swift */; };
		68925B1A26C6896B00E72ED2 /* Alamofire in Frameworks */ = {isa = PBXBuildFile; productRef = 68925B1926C6896B00E72ED2 /* Alamofire */; };
		68925B1D26C689A100E72ED2 /* RxSwift in Frameworks */ = {isa = PBXBuildFile; productRef = 68925B1C26C689A100E72ED2 /* RxSwift */; };
		68925B1F26C68A5300E72ED2 /* APIClient.swift in Sources */ = {isa = PBXBuildFile; fileRef = 68925B1E26C68A5300E72ED2 /* APIClient.swift */; };
		68925B2326C6A3B000E72ED2 /* Response.swift in Sources */ = {isa = PBXBuildFile; fileRef = 68925B2226C6A3B000E72ED2 /* Response.swift */; };
		68925B2526C6ED5C00E72ED2 /* StorageManager.swift in Sources */ = {isa = PBXBuildFile; fileRef = 68925B2426C6ED5C00E72ED2 /* StorageManager.swift */; };
		68925B3226C7988300E72ED2 /* CustomTableCell.xib in Resources */ = {isa = PBXBuildFile; fileRef = 68925B3126C7988300E72ED2 /* CustomTableCell.xib */; };
		68925B3526C79D8500E72ED2 /* Assets.xcassets in Resources */ = {isa = PBXBuildFile; fileRef = 68925AEC26C4F89200E72ED2 /* Assets.xcassets */; };
		68925B3726C7CA4600E72ED2 /* CustomTableCell.swift in Sources */ = {isa = PBXBuildFile; fileRef = 68925B3626C7CA4600E72ED2 /* CustomTableCell.swift */; };
		68925B4C26C84E9900E72ED2 /* Poppins-ExtraLight.ttf in Resources */ = {isa = PBXBuildFile; fileRef = 68925B3926C84E9900E72ED2 /* Poppins-ExtraLight.ttf */; };
		68925B4D26C84E9900E72ED2 /* Poppins-ThinItalic.ttf in Resources */ = {isa = PBXBuildFile; fileRef = 68925B3A26C84E9900E72ED2 /* Poppins-ThinItalic.ttf */; };
		68925B4E26C84E9900E72ED2 /* Poppins-ExtraLightItalic.ttf in Resources */ = {isa = PBXBuildFile; fileRef = 68925B3B26C84E9900E72ED2 /* Poppins-ExtraLightItalic.ttf */; };
		68925B4F26C84E9900E72ED2 /* Poppins-BoldItalic.ttf in Resources */ = {isa = PBXBuildFile; fileRef = 68925B3C26C84E9900E72ED2 /* Poppins-BoldItalic.ttf */; };
		68925B5026C84E9900E72ED2 /* Poppins-Light.ttf in Resources */ = {isa = PBXBuildFile; fileRef = 68925B3D26C84E9900E72ED2 /* Poppins-Light.ttf */; };
		68925B5126C84E9900E72ED2 /* Poppins-Medium.ttf in Resources */ = {isa = PBXBuildFile; fileRef = 68925B3E26C84E9900E72ED2 /* Poppins-Medium.ttf */; };
		68925B5226C84E9900E72ED2 /* Poppins-SemiBoldItalic.ttf in Resources */ = {isa = PBXBuildFile; fileRef = 68925B3F26C84E9900E72ED2 /* Poppins-SemiBoldItalic.ttf */; };
		68925B5326C84E9900E72ED2 /* Poppins-ExtraBoldItalic.ttf in Resources */ = {isa = PBXBuildFile; fileRef = 68925B4026C84E9900E72ED2 /* Poppins-ExtraBoldItalic.ttf */; };
		68925B5426C84E9900E72ED2 /* Poppins-ExtraBold.ttf in Resources */ = {isa = PBXBuildFile; fileRef = 68925B4126C84E9900E72ED2 /* Poppins-ExtraBold.ttf */; };
		68925B5526C84E9900E72ED2 /* Poppins-BlackItalic.ttf in Resources */ = {isa = PBXBuildFile; fileRef = 68925B4226C84E9900E72ED2 /* Poppins-BlackItalic.ttf */; };
		68925B5626C84E9900E72ED2 /* OFL.txt in Resources */ = {isa = PBXBuildFile; fileRef = 68925B4326C84E9900E72ED2 /* OFL.txt */; };
		68925B5726C84E9900E72ED2 /* Poppins-Regular.ttf in Resources */ = {isa = PBXBuildFile; fileRef = 68925B4426C84E9900E72ED2 /* Poppins-Regular.ttf */; };
		68925B5826C84E9900E72ED2 /* Poppins-LightItalic.ttf in Resources */ = {isa = PBXBuildFile; fileRef = 68925B4526C84E9900E72ED2 /* Poppins-LightItalic.ttf */; };
		68925B5926C84E9900E72ED2 /* Poppins-Bold.ttf in Resources */ = {isa = PBXBuildFile; fileRef = 68925B4626C84E9900E72ED2 /* Poppins-Bold.ttf */; };
		68925B5A26C84E9900E72ED2 /* Poppins-Black.ttf in Resources */ = {isa = PBXBuildFile; fileRef = 68925B4726C84E9900E72ED2 /* Poppins-Black.ttf */; };
		68925B5B26C84E9900E72ED2 /* Poppins-Thin.ttf in Resources */ = {isa = PBXBuildFile; fileRef = 68925B4826C84E9900E72ED2 /* Poppins-Thin.ttf */; };
		68925B5C26C84E9900E72ED2 /* Poppins-SemiBold.ttf in Resources */ = {isa = PBXBuildFile; fileRef = 68925B4926C84E9900E72ED2 /* Poppins-SemiBold.ttf */; };
		68925B5D26C84E9900E72ED2 /* Poppins-Italic.ttf in Resources */ = {isa = PBXBuildFile; fileRef = 68925B4A26C84E9900E72ED2 /* Poppins-Italic.ttf */; };
		68925B5E26C84E9900E72ED2 /* Poppins-MediumItalic.ttf in Resources */ = {isa = PBXBuildFile; fileRef = 68925B4B26C84E9900E72ED2 /* Poppins-MediumItalic.ttf */; };
/* End PBXBuildFile section */

/* Begin PBXContainerItemProxy section */
		68925AF726C4F89200E72ED2 /* PBXContainerItemProxy */ = {
			isa = PBXContainerItemProxy;
			containerPortal = 68925AD826C4F89100E72ED2 /* Project object */;
			proxyType = 1;
			remoteGlobalIDString = 68925ADF26C4F89100E72ED2;
			remoteInfo = ApollonAssignment;
		};
		68925B0226C4F89200E72ED2 /* PBXContainerItemProxy */ = {
			isa = PBXContainerItemProxy;
			containerPortal = 68925AD826C4F89100E72ED2 /* Project object */;
			proxyType = 1;
			remoteGlobalIDString = 68925ADF26C4F89100E72ED2;
			remoteInfo = ApollonAssignment;
		};
/* End PBXContainerItemProxy section */

/* Begin PBXFileReference section */
		6886615A26CB888B002C7FD1 /* HomeViewModelTest.swift */ = {isa = PBXFileReference; lastKnownFileType = sourcecode.swift; path = HomeViewModelTest.swift; sourceTree = "<group>"; };
		6886615C26CB88BB002C7FD1 /* ApollonAssignmentTests.swift */ = {isa = PBXFileReference; fileEncoding = 4; lastKnownFileType = sourcecode.swift; path = ApollonAssignmentTests.swift; sourceTree = "<group>"; };
		6886616426CBD712002C7FD1 /* en */ = {isa = PBXFileReference; lastKnownFileType = text.plist.strings; name = en; path = en.lproj/Localizable.strings; sourceTree = "<group>"; };
		6886616726CBD7F6002C7FD1 /* Base */ = {isa = PBXFileReference; lastKnownFileType = file.storyboard; name = Base; path = Base.lproj/Main.storyboard; sourceTree = "<group>"; };
		6886616A26CBD972002C7FD1 /* en */ = {isa = PBXFileReference; lastKnownFileType = text.plist.strings; name = en; path = en.lproj/Main.strings; sourceTree = "<group>"; };
		68925AE026C4F89100E72ED2 /* ApollonAssignment.app */ = {isa = PBXFileReference; explicitFileType = wrapper.application; includeInIndex = 0; path = ApollonAssignment.app; sourceTree = BUILT_PRODUCTS_DIR; };
		68925AE326C4F89100E72ED2 /* AppDelegate.swift */ = {isa = PBXFileReference; lastKnownFileType = sourcecode.swift; path = AppDelegate.swift; sourceTree = "<group>"; };
		68925AE526C4F89100E72ED2 /* SceneDelegate.swift */ = {isa = PBXFileReference; lastKnownFileType = sourcecode.swift; path = SceneDelegate.swift; sourceTree = "<group>"; };
		68925AE726C4F89100E72ED2 /* HomeView.swift */ = {isa = PBXFileReference; lastKnownFileType = sourcecode.swift; path = HomeView.swift; sourceTree = "<group>"; };
		68925AEC26C4F89200E72ED2 /* Assets.xcassets */ = {isa = PBXFileReference; lastKnownFileType = folder.assetcatalog; path = Assets.xcassets; sourceTree = SOURCE_ROOT; };
		68925AEF26C4F89200E72ED2 /* Base */ = {isa = PBXFileReference; lastKnownFileType = file.storyboard; name = Base; path = Base.lproj/LaunchScreen.storyboard; sourceTree = "<group>"; };
		68925AF126C4F89200E72ED2 /* Info.plist */ = {isa = PBXFileReference; lastKnownFileType = text.plist.xml; path = Info.plist; sourceTree = "<group>"; };
		68925AF626C4F89200E72ED2 /* ApollonAssignmentTests.xctest */ = {isa = PBXFileReference; explicitFileType = wrapper.cfbundle; includeInIndex = 0; path = ApollonAssignmentTests.xctest; sourceTree = BUILT_PRODUCTS_DIR; };
		68925AFC26C4F89200E72ED2 /* Info.plist */ = {isa = PBXFileReference; lastKnownFileType = text.plist.xml; path = Info.plist; sourceTree = "<group>"; };
		68925B0126C4F89200E72ED2 /* ApollonAssignmentUITests.xctest */ = {isa = PBXFileReference; explicitFileType = wrapper.cfbundle; includeInIndex = 0; path = ApollonAssignmentUITests.xctest; sourceTree = BUILT_PRODUCTS_DIR; };
		68925B0526C4F89200E72ED2 /* ApollonAssignmentUITests.swift */ = {isa = PBXFileReference; lastKnownFileType = sourcecode.swift; path = ApollonAssignmentUITests.swift; sourceTree = "<group>"; };
		68925B0726C4F89200E72ED2 /* Info.plist */ = {isa = PBXFileReference; lastKnownFileType = text.plist.xml; path = Info.plist; sourceTree = "<group>"; };
		68925B1326C641AA00E72ED2 /* HomeModel.swift */ = {isa = PBXFileReference; lastKnownFileType = sourcecode.swift; path = HomeModel.swift; sourceTree = "<group>"; };
		68925B1526C641B400E72ED2 /* HomeViewModel.swift */ = {isa = PBXFileReference; lastKnownFileType = sourcecode.swift; path = HomeViewModel.swift; sourceTree = "<group>"; };
		68925B1E26C68A5300E72ED2 /* APIClient.swift */ = {isa = PBXFileReference; lastKnownFileType = sourcecode.swift; path = APIClient.swift; sourceTree = "<group>"; };
		68925B2226C6A3B000E72ED2 /* Response.swift */ = {isa = PBXFileReference; lastKnownFileType = sourcecode.swift; path = Response.swift; sourceTree = "<group>"; };
		68925B2426C6ED5C00E72ED2 /* StorageManager.swift */ = {isa = PBXFileReference; lastKnownFileType = sourcecode.swift; path = StorageManager.swift; sourceTree = "<group>"; };
		68925B3126C7988300E72ED2 /* CustomTableCell.xib */ = {isa = PBXFileReference; lastKnownFileType = file.xib; path = CustomTableCell.xib; sourceTree = "<group>"; };
		68925B3626C7CA4600E72ED2 /* CustomTableCell.swift */ = {isa = PBXFileReference; lastKnownFileType = sourcecode.swift; path = CustomTableCell.swift; sourceTree = "<group>"; };
		68925B3926C84E9900E72ED2 /* Poppins-ExtraLight.ttf */ = {isa = PBXFileReference; lastKnownFileType = file; path = "Poppins-ExtraLight.ttf"; sourceTree = "<group>"; };
		68925B3A26C84E9900E72ED2 /* Poppins-ThinItalic.ttf */ = {isa = PBXFileReference; lastKnownFileType = file; path = "Poppins-ThinItalic.ttf"; sourceTree = "<group>"; };
		68925B3B26C84E9900E72ED2 /* Poppins-ExtraLightItalic.ttf */ = {isa = PBXFileReference; lastKnownFileType = file; path = "Poppins-ExtraLightItalic.ttf"; sourceTree = "<group>"; };
		68925B3C26C84E9900E72ED2 /* Poppins-BoldItalic.ttf */ = {isa = PBXFileReference; lastKnownFileType = file; path = "Poppins-BoldItalic.ttf"; sourceTree = "<group>"; };
		68925B3D26C84E9900E72ED2 /* Poppins-Light.ttf */ = {isa = PBXFileReference; lastKnownFileType = file; path = "Poppins-Light.ttf"; sourceTree = "<group>"; };
		68925B3E26C84E9900E72ED2 /* Poppins-Medium.ttf */ = {isa = PBXFileReference; lastKnownFileType = file; path = "Poppins-Medium.ttf"; sourceTree = "<group>"; };
		68925B3F26C84E9900E72ED2 /* Poppins-SemiBoldItalic.ttf */ = {isa = PBXFileReference; lastKnownFileType = file; path = "Poppins-SemiBoldItalic.ttf"; sourceTree = "<group>"; };
		68925B4026C84E9900E72ED2 /* Poppins-ExtraBoldItalic.ttf */ = {isa = PBXFileReference; lastKnownFileType = file; path = "Poppins-ExtraBoldItalic.ttf"; sourceTree = "<group>"; };
		68925B4126C84E9900E72ED2 /* Poppins-ExtraBold.ttf */ = {isa = PBXFileReference; lastKnownFileType = file; path = "Poppins-ExtraBold.ttf"; sourceTree = "<group>"; };
		68925B4226C84E9900E72ED2 /* Poppins-BlackItalic.ttf */ = {isa = PBXFileReference; lastKnownFileType = file; path = "Poppins-BlackItalic.ttf"; sourceTree = "<group>"; };
		68925B4326C84E9900E72ED2 /* OFL.txt */ = {isa = PBXFileReference; fileEncoding = 4; lastKnownFileType = text; path = OFL.txt; sourceTree = "<group>"; };
		68925B4426C84E9900E72ED2 /* Poppins-Regular.ttf */ = {isa = PBXFileReference; lastKnownFileType = file; path = "Poppins-Regular.ttf"; sourceTree = "<group>"; };
		68925B4526C84E9900E72ED2 /* Poppins-LightItalic.ttf */ = {isa = PBXFileReference; lastKnownFileType = file; path = "Poppins-LightItalic.ttf"; sourceTree = "<group>"; };
		68925B4626C84E9900E72ED2 /* Poppins-Bold.ttf */ = {isa = PBXFileReference; lastKnownFileType = file; path = "Poppins-Bold.ttf"; sourceTree = "<group>"; };
		68925B4726C84E9900E72ED2 /* Poppins-Black.ttf */ = {isa = PBXFileReference; lastKnownFileType = file; path = "Poppins-Black.ttf"; sourceTree = "<group>"; };
		68925B4826C84E9900E72ED2 /* Poppins-Thin.ttf */ = {isa = PBXFileReference; lastKnownFileType = file; path = "Poppins-Thin.ttf"; sourceTree = "<group>"; };
		68925B4926C84E9900E72ED2 /* Poppins-SemiBold.ttf */ = {isa = PBXFileReference; lastKnownFileType = file; path = "Poppins-SemiBold.ttf"; sourceTree = "<group>"; };
		68925B4A26C84E9900E72ED2 /* Poppins-Italic.ttf */ = {isa = PBXFileReference; lastKnownFileType = file; path = "Poppins-Italic.ttf"; sourceTree = "<group>"; };
		68925B4B26C84E9900E72ED2 /* Poppins-MediumItalic.ttf */ = {isa = PBXFileReference; lastKnownFileType = file; path = "Poppins-MediumItalic.ttf"; sourceTree = "<group>"; };
/* End PBXFileReference section */

/* Begin PBXFrameworksBuildPhase section */
		68925ADD26C4F89100E72ED2 /* Frameworks */ = {
			isa = PBXFrameworksBuildPhase;
			buildActionMask = 2147483647;
			files = (
				68925B1D26C689A100E72ED2 /* RxSwift in Frameworks */,
				68925B1A26C6896B00E72ED2 /* Alamofire in Frameworks */,
			);
			runOnlyForDeploymentPostprocessing = 0;
		};
		68925AF326C4F89200E72ED2 /* Frameworks */ = {
			isa = PBXFrameworksBuildPhase;
			buildActionMask = 2147483647;
			files = (
			);
			runOnlyForDeploymentPostprocessing = 0;
		};
		68925AFE26C4F89200E72ED2 /* Frameworks */ = {
			isa = PBXFrameworksBuildPhase;
			buildActionMask = 2147483647;
			files = (
			);
			runOnlyForDeploymentPostprocessing = 0;
		};
/* End PBXFrameworksBuildPhase section */

/* Begin PBXGroup section */
		68925AD726C4F89100E72ED2 = {
			isa = PBXGroup;
			children = (
				68925AEC26C4F89200E72ED2 /* Assets.xcassets */,
				68925AE226C4F89100E72ED2 /* ApollonAssignment */,
				68925AF926C4F89200E72ED2 /* ApollonAssignmentTests */,
				68925B0426C4F89200E72ED2 /* ApollonAssignmentUITests */,
				68925AE126C4F89100E72ED2 /* Products */,
			);
			sourceTree = "<group>";
		};
		68925AE126C4F89100E72ED2 /* Products */ = {
			isa = PBXGroup;
			children = (
				68925AE026C4F89100E72ED2 /* ApollonAssignment.app */,
				68925AF626C4F89200E72ED2 /* ApollonAssignmentTests.xctest */,
				68925B0126C4F89200E72ED2 /* ApollonAssignmentUITests.xctest */,
			);
			name = Products;
			sourceTree = "<group>";
		};
		68925AE226C4F89100E72ED2 /* ApollonAssignment */ = {
			isa = PBXGroup;
			children = (
				68925B5F26C853F400E72ED2 /* CustomTableCell */,
				68925B3026C6F08800E72ED2 /* Font */,
				68925B2F26C6F07A00E72ED2 /* Storyboard */,
				68925B2E26C6F06A00E72ED2 /* SystemDelegate */,
				68925B2D26C6F05C00E72ED2 /* Common */,
				68925B1726C641BA00E72ED2 /* Home */,
				68925AF126C4F89200E72ED2 /* Info.plist */,
				6886616526CBD712002C7FD1 /* Localizable.strings */,
			);
			path = ApollonAssignment;
			sourceTree = "<group>";
		};
		68925AF926C4F89200E72ED2 /* ApollonAssignmentTests */ = {
			isa = PBXGroup;
			children = (
				68925AFC26C4F89200E72ED2 /* Info.plist */,
				6886615C26CB88BB002C7FD1 /* ApollonAssignmentTests.swift */,
				6886615A26CB888B002C7FD1 /* HomeViewModelTest.swift */,
			);
			path = ApollonAssignmentTests;
			sourceTree = "<group>";
		};
		68925B0426C4F89200E72ED2 /* ApollonAssignmentUITests */ = {
			isa = PBXGroup;
			children = (
				68925B0526C4F89200E72ED2 /* ApollonAssignmentUITests.swift */,
				68925B0726C4F89200E72ED2 /* Info.plist */,
			);
			path = ApollonAssignmentUITests;
			sourceTree = "<group>";
		};
		68925B1726C641BA00E72ED2 /* Home */ = {
			isa = PBXGroup;
			children = (
				68925B1526C641B400E72ED2 /* HomeViewModel.swift */,
				68925B1326C641AA00E72ED2 /* HomeModel.swift */,
				68925AE726C4F89100E72ED2 /* HomeView.swift */,
			);
			path = Home;
			sourceTree = "<group>";
		};
		68925B2D26C6F05C00E72ED2 /* Common */ = {
			isa = PBXGroup;
			children = (
				68925B1E26C68A5300E72ED2 /* APIClient.swift */,
				68925B2426C6ED5C00E72ED2 /* StorageManager.swift */,
				68925B2226C6A3B000E72ED2 /* Response.swift */,
			);
			path = Common;
			sourceTree = "<group>";
		};
		68925B2E26C6F06A00E72ED2 /* SystemDelegate */ = {
			isa = PBXGroup;
			children = (
				68925AE326C4F89100E72ED2 /* AppDelegate.swift */,
				68925AE526C4F89100E72ED2 /* SceneDelegate.swift */,
			);
			path = SystemDelegate;
			sourceTree = "<group>";
		};
		68925B2F26C6F07A00E72ED2 /* Storyboard */ = {
			isa = PBXGroup;
			children = (
				68925AEE26C4F89200E72ED2 /* LaunchScreen.storyboard */,
				6886616826CBD7F6002C7FD1 /* Main.storyboard */,
			);
			path = Storyboard;
			sourceTree = "<group>";
		};
		68925B3026C6F08800E72ED2 /* Font */ = {
			isa = PBXGroup;
			children = (
				68925B3826C84E9900E72ED2 /* Poppins */,
			);
			path = Font;
			sourceTree = "<group>";
		};
		68925B3826C84E9900E72ED2 /* Poppins */ = {
			isa = PBXGroup;
			children = (
				68925B3926C84E9900E72ED2 /* Poppins-ExtraLight.ttf */,
				68925B3A26C84E9900E72ED2 /* Poppins-ThinItalic.ttf */,
				68925B3B26C84E9900E72ED2 /* Poppins-ExtraLightItalic.ttf */,
				68925B3C26C84E9900E72ED2 /* Poppins-BoldItalic.ttf */,
				68925B3D26C84E9900E72ED2 /* Poppins-Light.ttf */,
				68925B3E26C84E9900E72ED2 /* Poppins-Medium.ttf */,
				68925B3F26C84E9900E72ED2 /* Poppins-SemiBoldItalic.ttf */,
				68925B4026C84E9900E72ED2 /* Poppins-ExtraBoldItalic.ttf */,
				68925B4126C84E9900E72ED2 /* Poppins-ExtraBold.ttf */,
				68925B4226C84E9900E72ED2 /* Poppins-BlackItalic.ttf */,
				68925B4326C84E9900E72ED2 /* OFL.txt */,
				68925B4426C84E9900E72ED2 /* Poppins-Regular.ttf */,
				68925B4526C84E9900E72ED2 /* Poppins-LightItalic.ttf */,
				68925B4626C84E9900E72ED2 /* Poppins-Bold.ttf */,
				68925B4726C84E9900E72ED2 /* Poppins-Black.ttf */,
				68925B4826C84E9900E72ED2 /* Poppins-Thin.ttf */,
				68925B4926C84E9900E72ED2 /* Poppins-SemiBold.ttf */,
				68925B4A26C84E9900E72ED2 /* Poppins-Italic.ttf */,
				68925B4B26C84E9900E72ED2 /* Poppins-MediumItalic.ttf */,
			);
			path = Poppins;
			sourceTree = "<group>";
		};
		68925B5F26C853F400E72ED2 /* CustomTableCell */ = {
			isa = PBXGroup;
			children = (
				68925B3626C7CA4600E72ED2 /* CustomTableCell.swift */,
				68925B3126C7988300E72ED2 /* CustomTableCell.xib */,
			);
			path = CustomTableCell;
			sourceTree = "<group>";
		};
/* End PBXGroup section */

/* Begin PBXNativeTarget section */
		68925ADF26C4F89100E72ED2 /* ApollonAssignment */ = {
			isa = PBXNativeTarget;
			buildConfigurationList = 68925B0A26C4F89200E72ED2 /* Build configuration list for PBXNativeTarget "ApollonAssignment" */;
			buildPhases = (
				68925ADC26C4F89100E72ED2 /* Sources */,
				68925ADD26C4F89100E72ED2 /* Frameworks */,
				68925ADE26C4F89100E72ED2 /* Resources */,
			);
			buildRules = (
			);
			dependencies = (
			);
			name = ApollonAssignment;
			packageProductDependencies = (
				68925B1926C6896B00E72ED2 /* Alamofire */,
				68925B1C26C689A100E72ED2 /* RxSwift */,
			);
			productName = ApollonAssignment;
			productReference = 68925AE026C4F89100E72ED2 /* ApollonAssignment.app */;
			productType = "com.apple.product-type.application";
		};
		68925AF526C4F89200E72ED2 /* ApollonAssignmentTests */ = {
			isa = PBXNativeTarget;
			buildConfigurationList = 68925B0D26C4F89200E72ED2 /* Build configuration list for PBXNativeTarget "ApollonAssignmentTests" */;
			buildPhases = (
				68925AF226C4F89200E72ED2 /* Sources */,
				68925AF326C4F89200E72ED2 /* Frameworks */,
				68925AF426C4F89200E72ED2 /* Resources */,
			);
			buildRules = (
			);
			dependencies = (
				68925AF826C4F89200E72ED2 /* PBXTargetDependency */,
			);
			name = ApollonAssignmentTests;
			productName = ApollonAssignmentTests;
			productReference = 68925AF626C4F89200E72ED2 /* ApollonAssignmentTests.xctest */;
			productType = "com.apple.product-type.bundle.unit-test";
		};
		68925B0026C4F89200E72ED2 /* ApollonAssignmentUITests */ = {
			isa = PBXNativeTarget;
			buildConfigurationList = 68925B1026C4F89200E72ED2 /* Build configuration list for PBXNativeTarget "ApollonAssignmentUITests" */;
			buildPhases = (
				68925AFD26C4F89200E72ED2 /* Sources */,
				68925AFE26C4F89200E72ED2 /* Frameworks */,
				68925AFF26C4F89200E72ED2 /* Resources */,
			);
			buildRules = (
			);
			dependencies = (
				68925B0326C4F89200E72ED2 /* PBXTargetDependency */,
			);
			name = ApollonAssignmentUITests;
			productName = ApollonAssignmentUITests;
			productReference = 68925B0126C4F89200E72ED2 /* ApollonAssignmentUITests.xctest */;
			productType = "com.apple.product-type.bundle.ui-testing";
		};
/* End PBXNativeTarget section */

/* Begin PBXProject section */
		68925AD826C4F89100E72ED2 /* Project object */ = {
			isa = PBXProject;
			attributes = {
				LastSwiftUpdateCheck = 1250;
				LastUpgradeCheck = 1250;
				TargetAttributes = {
					68925ADF26C4F89100E72ED2 = {
						CreatedOnToolsVersion = 12.5.1;
					};
					68925AF526C4F89200E72ED2 = {
						CreatedOnToolsVersion = 12.5.1;
						TestTargetID = 68925ADF26C4F89100E72ED2;
					};
					68925B0026C4F89200E72ED2 = {
						CreatedOnToolsVersion = 12.5.1;
						TestTargetID = 68925ADF26C4F89100E72ED2;
					};
				};
			};
			buildConfigurationList = 68925ADB26C4F89100E72ED2 /* Build configuration list for PBXProject "ApollonAssignment" */;
			compatibilityVersion = "Xcode 9.3";
			developmentRegion = en;
			hasScannedForEncodings = 0;
			knownRegions = (
				en,
				Base,
			);
			mainGroup = 68925AD726C4F89100E72ED2;
			packageReferences = (
				68925B1826C6896B00E72ED2 /* XCRemoteSwiftPackageReference "Alamofire" */,
				68925B1B26C689A100E72ED2 /* XCRemoteSwiftPackageReference "RxSwift" */,
			);
			productRefGroup = 68925AE126C4F89100E72ED2 /* Products */;
			projectDirPath = "";
			projectRoot = "";
			targets = (
				68925ADF26C4F89100E72ED2 /* ApollonAssignment */,
				68925AF526C4F89200E72ED2 /* ApollonAssignmentTests */,
				68925B0026C4F89200E72ED2 /* ApollonAssignmentUITests */,
			);
		};
/* End PBXProject section */

/* Begin PBXResourcesBuildPhase section */
		68925ADE26C4F89100E72ED2 /* Resources */ = {
			isa = PBXResourcesBuildPhase;
			buildActionMask = 2147483647;
			files = (
				68925B5826C84E9900E72ED2 /* Poppins-LightItalic.ttf in Resources */,
				68925B5926C84E9900E72ED2 /* Poppins-Bold.ttf in Resources */,
				68925B5626C84E9900E72ED2 /* OFL.txt in Resources */,
				68925B5326C84E9900E72ED2 /* Poppins-ExtraBoldItalic.ttf in Resources */,
				68925B5226C84E9900E72ED2 /* Poppins-SemiBoldItalic.ttf in Resources */,
				68925B5A26C84E9900E72ED2 /* Poppins-Black.ttf in Resources */,
				68925B4C26C84E9900E72ED2 /* Poppins-ExtraLight.ttf in Resources */,
				68925B5026C84E9900E72ED2 /* Poppins-Light.ttf in Resources */,
				68925B4E26C84E9900E72ED2 /* Poppins-ExtraLightItalic.ttf in Resources */,
				68925B5B26C84E9900E72ED2 /* Poppins-Thin.ttf in Resources */,
				68925AF026C4F89200E72ED2 /* LaunchScreen.storyboard in Resources */,
				68925B5726C84E9900E72ED2 /* Poppins-Regular.ttf in Resources */,
				68925B3226C7988300E72ED2 /* CustomTableCell.xib in Resources */,
				6886616326CBD712002C7FD1 /* Localizable.strings in Resources */,
				68925B4D26C84E9900E72ED2 /* Poppins-ThinItalic.ttf in Resources */,
				68925B5526C84E9900E72ED2 /* Poppins-BlackItalic.ttf in Resources */,
				68925B5C26C84E9900E72ED2 /* Poppins-SemiBold.ttf in Resources */,
				6886616626CBD7F6002C7FD1 /* Main.storyboard in Resources */,
				68925B3526C79D8500E72ED2 /* Assets.xcassets in Resources */,
				68925B5D26C84E9900E72ED2 /* Poppins-Italic.ttf in Resources */,
				68925B4F26C84E9900E72ED2 /* Poppins-BoldItalic.ttf in Resources */,
				68925B5126C84E9900E72ED2 /* Poppins-Medium.ttf in Resources */,
				68925B5E26C84E9900E72ED2 /* Poppins-MediumItalic.ttf in Resources */,
				68925B5426C84E9900E72ED2 /* Poppins-ExtraBold.ttf in Resources */,
			);
			runOnlyForDeploymentPostprocessing = 0;
		};
		68925AF426C4F89200E72ED2 /* Resources */ = {
			isa = PBXResourcesBuildPhase;
			buildActionMask = 2147483647;
			files = (
			);
			runOnlyForDeploymentPostprocessing = 0;
		};
		68925AFF26C4F89200E72ED2 /* Resources */ = {
			isa = PBXResourcesBuildPhase;
			buildActionMask = 2147483647;
			files = (
			);
			runOnlyForDeploymentPostprocessing = 0;
		};
/* End PBXResourcesBuildPhase section */

/* Begin PBXSourcesBuildPhase section */
		68925ADC26C4F89100E72ED2 /* Sources */ = {
			isa = PBXSourcesBuildPhase;
			buildActionMask = 2147483647;
			files = (
				68925B1626C641B400E72ED2 /* HomeViewModel.swift in Sources */,
				68925AE826C4F89100E72ED2 /* HomeView.swift in Sources */,
				68925AE426C4F89100E72ED2 /* AppDelegate.swift in Sources */,
				68925AE626C4F89100E72ED2 /* SceneDelegate.swift in Sources */,
				68925B1426C641AA00E72ED2 /* HomeModel.swift in Sources */,
				68925B1F26C68A5300E72ED2 /* APIClient.swift in Sources */,
				68925B2326C6A3B000E72ED2 /* Response.swift in Sources */,
				68925B2526C6ED5C00E72ED2 /* StorageManager.swift in Sources */,
				68925B3726C7CA4600E72ED2 /* CustomTableCell.swift in Sources */,
			);
			runOnlyForDeploymentPostprocessing = 0;
		};
		68925AF226C4F89200E72ED2 /* Sources */ = {
			isa = PBXSourcesBuildPhase;
			buildActionMask = 2147483647;
			files = (
				6886615D26CB88BB002C7FD1 /* ApollonAssignmentTests.swift in Sources */,
				6886615B26CB888B002C7FD1 /* HomeViewModelTest.swift in Sources */,
			);
			runOnlyForDeploymentPostprocessing = 0;
		};
		68925AFD26C4F89200E72ED2 /* Sources */ = {
			isa = PBXSourcesBuildPhase;
			buildActionMask = 2147483647;
			files = (
				68925B0626C4F89200E72ED2 /* ApollonAssignmentUITests.swift in Sources */,
			);
			runOnlyForDeploymentPostprocessing = 0;
		};
/* End PBXSourcesBuildPhase section */

/* Begin PBXTargetDependency section */
		68925AF826C4F89200E72ED2 /* PBXTargetDependency */ = {
			isa = PBXTargetDependency;
			target = 68925ADF26C4F89100E72ED2 /* ApollonAssignment */;
			targetProxy = 68925AF726C4F89200E72ED2 /* PBXContainerItemProxy */;
		};
		68925B0326C4F89200E72ED2 /* PBXTargetDependency */ = {
			isa = PBXTargetDependency;
			target = 68925ADF26C4F89100E72ED2 /* ApollonAssignment */;
			targetProxy = 68925B0226C4F89200E72ED2 /* PBXContainerItemProxy */;
		};
/* End PBXTargetDependency section */

/* Begin PBXVariantGroup section */
		6886616526CBD712002C7FD1 /* Localizable.strings */ = {
			isa = PBXVariantGroup;
			children = (
				6886616426CBD712002C7FD1 /* en */,
			);
			name = Localizable.strings;
			sourceTree = "<group>";
		};
		6886616826CBD7F6002C7FD1 /* Main.storyboard */ = {
			isa = PBXVariantGroup;
			children = (
				6886616726CBD7F6002C7FD1 /* Base */,
				6886616A26CBD972002C7FD1 /* en */,
			);
			name = Main.storyboard;
			sourceTree = "<group>";
		};
		68925AEE26C4F89200E72ED2 /* LaunchScreen.storyboard */ = {
			isa = PBXVariantGroup;
			children = (
				68925AEF26C4F89200E72ED2 /* Base */,
			);
			name = LaunchScreen.storyboard;
			sourceTree = "<group>";
		};
/* End PBXVariantGroup section */

/* Begin XCBuildConfiguration section */
		68925B0826C4F89200E72ED2 /* Debug */ = {
			isa = XCBuildConfiguration;
			buildSettings = {
				ALWAYS_SEARCH_USER_PATHS = NO;
				CLANG_ANALYZER_LOCALIZABILITY_NONLOCALIZED = YES;
				CLANG_ANALYZER_NONNULL = YES;
				CLANG_ANALYZER_NUMBER_OBJECT_CONVERSION = YES_AGGRESSIVE;
				CLANG_CXX_LANGUAGE_STANDARD = "gnu++14";
				CLANG_CXX_LIBRARY = "libc++";
				CLANG_ENABLE_MODULES = YES;
				CLANG_ENABLE_OBJC_ARC = YES;
				CLANG_ENABLE_OBJC_WEAK = YES;
				CLANG_WARN_BLOCK_CAPTURE_AUTORELEASING = YES;
				CLANG_WARN_BOOL_CONVERSION = YES;
				CLANG_WARN_COMMA = YES;
				CLANG_WARN_CONSTANT_CONVERSION = YES;
				CLANG_WARN_DEPRECATED_OBJC_IMPLEMENTATIONS = YES;
				CLANG_WARN_DIRECT_OBJC_ISA_USAGE = YES_ERROR;
				CLANG_WARN_DOCUMENTATION_COMMENTS = YES;
				CLANG_WARN_EMPTY_BODY = YES;
				CLANG_WARN_ENUM_CONVERSION = YES;
				CLANG_WARN_INFINITE_RECURSION = YES;
				CLANG_WARN_INT_CONVERSION = YES;
				CLANG_WARN_NON_LITERAL_NULL_CONVERSION = YES;
				CLANG_WARN_OBJC_IMPLICIT_RETAIN_SELF = YES;
				CLANG_WARN_OBJC_LITERAL_CONVERSION = YES;
				CLANG_WARN_OBJC_ROOT_CLASS = YES_ERROR;
				CLANG_WARN_QUOTED_INCLUDE_IN_FRAMEWORK_HEADER = YES;
				CLANG_WARN_RANGE_LOOP_ANALYSIS = YES;
				CLANG_WARN_STRICT_PROTOTYPES = YES;
				CLANG_WARN_SUSPICIOUS_MOVE = YES;
				CLANG_WARN_UNGUARDED_AVAILABILITY = YES_AGGRESSIVE;
				CLANG_WARN_UNREACHABLE_CODE = YES;
				CLANG_WARN__DUPLICATE_METHOD_MATCH = YES;
				COPY_PHASE_STRIP = NO;
				DEBUG_INFORMATION_FORMAT = dwarf;
				ENABLE_STRICT_OBJC_MSGSEND = YES;
				ENABLE_TESTABILITY = YES;
				GCC_C_LANGUAGE_STANDARD = gnu11;
				GCC_DYNAMIC_NO_PIC = NO;
				GCC_NO_COMMON_BLOCKS = YES;
				GCC_OPTIMIZATION_LEVEL = 0;
				GCC_PREPROCESSOR_DEFINITIONS = (
					"DEBUG=1",
					"$(inherited)",
				);
				GCC_WARN_64_TO_32_BIT_CONVERSION = YES;
				GCC_WARN_ABOUT_RETURN_TYPE = YES_ERROR;
				GCC_WARN_UNDECLARED_SELECTOR = YES;
				GCC_WARN_UNINITIALIZED_AUTOS = YES_AGGRESSIVE;
				GCC_WARN_UNUSED_FUNCTION = YES;
				GCC_WARN_UNUSED_VARIABLE = YES;
				IPHONEOS_DEPLOYMENT_TARGET = 14.5;
				MTL_ENABLE_DEBUG_INFO = INCLUDE_SOURCE;
				MTL_FAST_MATH = YES;
				ONLY_ACTIVE_ARCH = YES;
				SDKROOT = iphoneos;
				SWIFT_ACTIVE_COMPILATION_CONDITIONS = DEBUG;
				SWIFT_OPTIMIZATION_LEVEL = "-Onone";
			};
			name = Debug;
		};
		68925B0926C4F89200E72ED2 /* Release */ = {
			isa = XCBuildConfiguration;
			buildSettings = {
				ALWAYS_SEARCH_USER_PATHS = NO;
				CLANG_ANALYZER_LOCALIZABILITY_NONLOCALIZED = YES;
				CLANG_ANALYZER_NONNULL = YES;
				CLANG_ANALYZER_NUMBER_OBJECT_CONVERSION = YES_AGGRESSIVE;
				CLANG_CXX_LANGUAGE_STANDARD = "gnu++14";
				CLANG_CXX_LIBRARY = "libc++";
				CLANG_ENABLE_MODULES = YES;
				CLANG_ENABLE_OBJC_ARC = YES;
				CLANG_ENABLE_OBJC_WEAK = YES;
				CLANG_WARN_BLOCK_CAPTURE_AUTORELEASING = YES;
				CLANG_WARN_BOOL_CONVERSION = YES;
				CLANG_WARN_COMMA = YES;
				CLANG_WARN_CONSTANT_CONVERSION = YES;
				CLANG_WARN_DEPRECATED_OBJC_IMPLEMENTATIONS = YES;
				CLANG_WARN_DIRECT_OBJC_ISA_USAGE = YES_ERROR;
				CLANG_WARN_DOCUMENTATION_COMMENTS = YES;
				CLANG_WARN_EMPTY_BODY = YES;
				CLANG_WARN_ENUM_CONVERSION = YES;
				CLANG_WARN_INFINITE_RECURSION = YES;
				CLANG_WARN_INT_CONVERSION = YES;
				CLANG_WARN_NON_LITERAL_NULL_CONVERSION = YES;
				CLANG_WARN_OBJC_IMPLICIT_RETAIN_SELF = YES;
				CLANG_WARN_OBJC_LITERAL_CONVERSION = YES;
				CLANG_WARN_OBJC_ROOT_CLASS = YES_ERROR;
				CLANG_WARN_QUOTED_INCLUDE_IN_FRAMEWORK_HEADER = YES;
				CLANG_WARN_RANGE_LOOP_ANALYSIS = YES;
				CLANG_WARN_STRICT_PROTOTYPES = YES;
				CLANG_WARN_SUSPICIOUS_MOVE = YES;
				CLANG_WARN_UNGUARDED_AVAILABILITY = YES_AGGRESSIVE;
				CLANG_WARN_UNREACHABLE_CODE = YES;
				CLANG_WARN__DUPLICATE_METHOD_MATCH = YES;
				COPY_PHASE_STRIP = NO;
				DEBUG_INFORMATION_FORMAT = "dwarf-with-dsym";
				ENABLE_NS_ASSERTIONS = NO;
				ENABLE_STRICT_OBJC_MSGSEND = YES;
				GCC_C_LANGUAGE_STANDARD = gnu11;
				GCC_NO_COMMON_BLOCKS = YES;
				GCC_WARN_64_TO_32_BIT_CONVERSION = YES;
				GCC_WARN_ABOUT_RETURN_TYPE = YES_ERROR;
				GCC_WARN_UNDECLARED_SELECTOR = YES;
				GCC_WARN_UNINITIALIZED_AUTOS = YES_AGGRESSIVE;
				GCC_WARN_UNUSED_FUNCTION = YES;
				GCC_WARN_UNUSED_VARIABLE = YES;
				IPHONEOS_DEPLOYMENT_TARGET = 14.5;
				MTL_ENABLE_DEBUG_INFO = NO;
				MTL_FAST_MATH = YES;
				SDKROOT = iphoneos;
				SWIFT_COMPILATION_MODE = wholemodule;
				SWIFT_OPTIMIZATION_LEVEL = "-O";
				VALIDATE_PRODUCT = YES;
			};
			name = Release;
		};
		68925B0B26C4F89200E72ED2 /* Debug */ = {
			isa = XCBuildConfiguration;
			buildSettings = {
				ASSETCATALOG_COMPILER_APPICON_NAME = AppIcon;
				ASSETCATALOG_COMPILER_GLOBAL_ACCENT_COLOR_NAME = AccentColor;
				CODE_SIGN_STYLE = Automatic;
				INFOPLIST_FILE = ApollonAssignment/Info.plist;
				LD_RUNPATH_SEARCH_PATHS = (
					"$(inherited)",
					"@executable_path/Frameworks",
				);
				PRODUCT_BUNDLE_IDENTIFIER = poonam.ApollonAssignment;
				PRODUCT_NAME = "$(TARGET_NAME)";
				SWIFT_VERSION = 5.0;
				TARGETED_DEVICE_FAMILY = "1,2";
			};
			name = Debug;
		};
		68925B0C26C4F89200E72ED2 /* Release */ = {
			isa = XCBuildConfiguration;
			buildSettings = {
				ASSETCATALOG_COMPILER_APPICON_NAME = AppIcon;
				ASSETCATALOG_COMPILER_GLOBAL_ACCENT_COLOR_NAME = AccentColor;
				CODE_SIGN_STYLE = Automatic;
				INFOPLIST_FILE = ApollonAssignment/Info.plist;
				LD_RUNPATH_SEARCH_PATHS = (
					"$(inherited)",
					"@executable_path/Frameworks",
				);
				PRODUCT_BUNDLE_IDENTIFIER = poonam.ApollonAssignment;
				PRODUCT_NAME = "$(TARGET_NAME)";
				SWIFT_VERSION = 5.0;
				TARGETED_DEVICE_FAMILY = "1,2";
			};
			name = Release;
		};
		68925B0E26C4F89200E72ED2 /* Debug */ = {
			isa = XCBuildConfiguration;
			buildSettings = {
				ALWAYS_EMBED_SWIFT_STANDARD_LIBRARIES = YES;
				BUNDLE_LOADER = "$(TEST_HOST)";
				CODE_SIGN_STYLE = Automatic;
				INFOPLIST_FILE = ApollonAssignmentTests/Info.plist;
				IPHONEOS_DEPLOYMENT_TARGET = 14.5;
				LD_RUNPATH_SEARCH_PATHS = (
					"$(inherited)",
					"@executable_path/Frameworks",
					"@loader_path/Frameworks",
				);
				PRODUCT_BUNDLE_IDENTIFIER = poonam.ApollonAssignmentTests;
				PRODUCT_NAME = "$(TARGET_NAME)";
				SWIFT_VERSION = 5.0;
				TARGETED_DEVICE_FAMILY = "1,2";
				TEST_HOST = "$(BUILT_PRODUCTS_DIR)/ApollonAssignment.app/ApollonAssignment";
			};
			name = Debug;
		};
		68925B0F26C4F89200E72ED2 /* Release */ = {
			isa = XCBuildConfiguration;
			buildSettings = {
				ALWAYS_EMBED_SWIFT_STANDARD_LIBRARIES = YES;
				BUNDLE_LOADER = "$(TEST_HOST)";
				CODE_SIGN_STYLE = Automatic;
				INFOPLIST_FILE = ApollonAssignmentTests/Info.plist;
				IPHONEOS_DEPLOYMENT_TARGET = 14.5;
				LD_RUNPATH_SEARCH_PATHS = (
					"$(inherited)",
					"@executable_path/Frameworks",
					"@loader_path/Frameworks",
				);
				PRODUCT_BUNDLE_IDENTIFIER = poonam.ApollonAssignmentTests;
				PRODUCT_NAME = "$(TARGET_NAME)";
				SWIFT_VERSION = 5.0;
				TARGETED_DEVICE_FAMILY = "1,2";
				TEST_HOST = "$(BUILT_PRODUCTS_DIR)/ApollonAssignment.app/ApollonAssignment";
			};
			name = Release;
		};
		68925B1126C4F89200E72ED2 /* Debug */ = {
			isa = XCBuildConfiguration;
			buildSettings = {
				ALWAYS_EMBED_SWIFT_STANDARD_LIBRARIES = YES;
				CODE_SIGN_STYLE = Automatic;
				INFOPLIST_FILE = ApollonAssignmentUITests/Info.plist;
				LD_RUNPATH_SEARCH_PATHS = (
					"$(inherited)",
					"@executable_path/Frameworks",
					"@loader_path/Frameworks",
				);
				PRODUCT_BUNDLE_IDENTIFIER = poonam.ApollonAssignmentUITests;
				PRODUCT_NAME = "$(TARGET_NAME)";
				SWIFT_VERSION = 5.0;
				TARGETED_DEVICE_FAMILY = "1,2";
				TEST_TARGET_NAME = ApollonAssignment;
			};
			name = Debug;
		};
		68925B1226C4F89200E72ED2 /* Release */ = {
			isa = XCBuildConfiguration;
			buildSettings = {
				ALWAYS_EMBED_SWIFT_STANDARD_LIBRARIES = YES;
				CODE_SIGN_STYLE = Automatic;
				INFOPLIST_FILE = ApollonAssignmentUITests/Info.plist;
				LD_RUNPATH_SEARCH_PATHS = (
					"$(inherited)",
					"@executable_path/Frameworks",
					"@loader_path/Frameworks",
				);
				PRODUCT_BUNDLE_IDENTIFIER = poonam.ApollonAssignmentUITests;
				PRODUCT_NAME = "$(TARGET_NAME)";
				SWIFT_VERSION = 5.0;
				TARGETED_DEVICE_FAMILY = "1,2";
				TEST_TARGET_NAME = ApollonAssignment;
			};
			name = Release;
		};
/* End XCBuildConfiguration section */

/* Begin XCConfigurationList section */
		68925ADB26C4F89100E72ED2 /* Build configuration list for PBXProject "ApollonAssignment" */ = {
			isa = XCConfigurationList;
			buildConfigurations = (
				68925B0826C4F89200E72ED2 /* Debug */,
				68925B0926C4F89200E72ED2 /* Release */,
			);
			defaultConfigurationIsVisible = 0;
			defaultConfigurationName = Release;
		};
		68925B0A26C4F89200E72ED2 /* Build configuration list for PBXNativeTarget "ApollonAssignment" */ = {
			isa = XCConfigurationList;
			buildConfigurations = (
				68925B0B26C4F89200E72ED2 /* Debug */,
				68925B0C26C4F89200E72ED2 /* Release */,
			);
			defaultConfigurationIsVisible = 0;
			defaultConfigurationName = Release;
		};
		68925B0D26C4F89200E72ED2 /* Build configuration list for PBXNativeTarget "ApollonAssignmentTests" */ = {
			isa = XCConfigurationList;
			buildConfigurations = (
				68925B0E26C4F89200E72ED2 /* Debug */,
				68925B0F26C4F89200E72ED2 /* Release */,
			);
			defaultConfigurationIsVisible = 0;
			defaultConfigurationName = Release;
		};
		68925B1026C4F89200E72ED2 /* Build configuration list for PBXNativeTarget "ApollonAssignmentUITests" */ = {
			isa = XCConfigurationList;
			buildConfigurations = (
				68925B1126C4F89200E72ED2 /* Debug */,
				68925B1226C4F89200E72ED2 /* Release */,
			);
			defaultConfigurationIsVisible = 0;
			defaultConfigurationName = Release;
		};
/* End XCConfigurationList section */

/* Begin XCRemoteSwiftPackageReference section */
		68925B1826C6896B00E72ED2 /* XCRemoteSwiftPackageReference "Alamofire" */ = {
			isa = XCRemoteSwiftPackageReference;
			repositoryURL = "https://github.com/Alamofire/Alamofire/";
			requirement = {
				kind = exactVersion;
				version = 5.2.0;
			};
		};
		68925B1B26C689A100E72ED2 /* XCRemoteSwiftPackageReference "RxSwift" */ = {
			isa = XCRemoteSwiftPackageReference;
			repositoryURL = "https://github.com/ReactiveX/RxSwift.git";
			requirement = {
				kind = upToNextMajorVersion;
				minimumVersion = 6.2.0;
			};
		};
/* End XCRemoteSwiftPackageReference section */

/* Begin XCSwiftPackageProductDependency section */
		68925B1926C6896B00E72ED2 /* Alamofire */ = {
			isa = XCSwiftPackageProductDependency;
			package = 68925B1826C6896B00E72ED2 /* XCRemoteSwiftPackageReference "Alamofire" */;
			productName = Alamofire;
		};
		68925B1C26C689A100E72ED2 /* RxSwift */ = {
			isa = XCSwiftPackageProductDependency;
			package = 68925B1B26C689A100E72ED2 /* XCRemoteSwiftPackageReference "RxSwift" */;
			productName = RxSwift;
		};
/* End XCSwiftPackageProductDependency section */
	};
	rootObject = 68925AD826C4F89100E72ED2 /* Project object */;
}
